{
  "name": "filme-hannover",
  "lockfileVersion": 3,
  "requires": true,
  "packages": {
    "": {
      "dependencies": {
        "nanoevents": "^9.0.0"
      }
    },
    "node_modules/nanoevents": {
      "version": "9.0.0",
      "resolved": "https://registry.npmjs.org/nanoevents/-/nanoevents-9.0.0.tgz",
      "integrity": "sha512-X8pU7IOpgKXVLPxYUI55ymXc8XuBE+uypfEyEFBtHkD1EX9KavYTVc+vXZHFyHKzA1TaZoVDqklLdQBBrxIuAw==",
      "license": "MIT",
      "engines": {
        "node": "^18.0.0 || >=20.0.0"
      }
    }
  }
}
